
Microsoft Visual Studio Solution File, Format Version 12.00
Project("{FAE04EC0-301F-11D3-BF4B-00C04F79EFBC}") = "SwaggerDemo", "SwaggerDemo\SwaggerDemo.csproj", "{1B1D2C34-CF58-4263-8696-F96ABA1631BD}"
EndProject
Project("{FAE04EC0-301F-11D3-BF4B-00C04F79EFBC}") = "SwaggerDemo.SomeLibrary", "SwaggerDemo.SomeLibrary\SwaggerDemo.SomeLibrary.csproj", "{B5A1CA52-8FB0-4394-99DD-0090B5456D8F}"
EndProject
Global
	GlobalSection(SolutionConfigurationPlatforms) = preSolution
		Debug|Any CPU = Debug|Any CPU
		Release|Any CPU = Release|Any CPU
	EndGlobalSection
	GlobalSection(ProjectConfigurationPlatforms) = postSolution
		{1B1D2C34-CF58-4263-8696-F96ABA1631BD}.Debug|Any CPU.ActiveCfg = Debug|Any CPU
		{1B1D2C34-CF58-4263-8696-F96ABA1631BD}.Debug|Any CPU.Build.0 = Debug|Any CPU
		{1B1D2C34-CF58-4263-8696-F96ABA1631BD}.Release|Any CPU.ActiveCfg = Release|Any CPU
		{1B1D2C34-CF58-4263-8696-F96ABA1631BD}.Release|Any CPU.Build.0 = Release|Any CPU
		{B5A1CA52-8FB0-4394-99DD-0090B5456D8F}.Debug|Any CPU.ActiveCfg = Debug|Any CPU
		{B5A1CA52-8FB0-4394-99DD-0090B5456D8F}.Debug|Any CPU.Build.0 = Debug|Any CPU
		{B5A1CA52-8FB0-4394-99DD-0090B5456D8F}.Release|Any CPU.ActiveCfg = Release|Any CPU
		{B5A1CA52-8FB0-4394-99DD-0090B5456D8F}.Release|Any CPU.Build.0 = Release|Any CPU
	EndGlobalSection
EndGlobal
